
Microsoft Visual Studio Solution File, Format Version 12.00
# Visual Studio Version 16
VisualStudioVersion = 16.0.28803.202
MinimumVisualStudioVersion = 10.0.40219.1
Project("{FAE04EC0-301F-11D3-BF4B-00C04F79EFBC}") = "Forms.ReactiveX", "Forms.ReactiveX\Forms.ReactiveX.csproj", "{542733A3-0CEA-4970-AEC0-0E5EFD69EC3C}"
EndProject
Global
	GlobalSection(SolutionConfigurationPlatforms) = preSolution
		Debug|Any CPU = Debug|Any CPU
		Release|Any CPU = Release|Any CPU
	EndGlobalSection
	GlobalSection(ProjectConfigurationPlatforms) = postSolution
		{542733A3-0CEA-4970-AEC0-0E5EFD69EC3C}.Debug|Any CPU.ActiveCfg = Debug|Any CPU
		{542733A3-0CEA-4970-AEC0-0E5EFD69EC3C}.Debug|Any CPU.Build.0 = Debug|Any CPU
		{542733A3-0CEA-4970-AEC0-0E5EFD69EC3C}.Release|Any CPU.ActiveCfg = Release|Any CPU
		{542733A3-0CEA-4970-AEC0-0E5EFD69EC3C}.Release|Any CPU.Build.0 = Release|Any CPU
	EndGlobalSection
	GlobalSection(SolutionProperties) = preSolution
		HideSolutionNode = FALSE
	EndGlobalSection
	GlobalSection(ExtensibilityGlobals) = postSolution
		SolutionGuid = {3E470F95-6725-46EE-AEB2-1AFA7F4D1013}
	EndGlobalSection
EndGlobal
